
Microsoft Visual Studio Solution File, Format Version 12.00
# Visual Studio Version 17
VisualStudioVersion = 17.2.32519.379
MinimumVisualStudioVersion = 10.0.40219.1
Project("{8BC9CEB8-8B4A-11D0-8D11-00A0C91BC942}") = "Project8", "Project8\Project8.vcxproj", "{8CDEF089-699E-43D6-AC5F-BD7C6E6E5C5D}"
EndProject
Project("{8BC9CEB8-8B4A-11D0-8D11-00A0C91BC942}") = "Sample-Test1", "Sample-Test1\Sample-Test1.vcxproj", "{4F3B66CF-1BB0-4F3D-9501-35223F66A056}"
EndProject
Project("{2150E333-8FDC-42A3-9474-1A3956D46DE8}") = "솔루션 항목", "솔루션 항목", "{4F07164D-0BE5-4DCF-9A9E-C004EDF9756C}"
	ProjectSection(SolutionItems) = preProject
		.editorconfig = .editorconfig
		.gitignore = .gitignore
		README.md = README.md
	EndProjectSection
EndProject
Global
	GlobalSection(SolutionConfigurationPlatforms) = preSolution
		Debug|x64 = Debug|x64
		Debug|x86 = Debug|x86
		Release|x64 = Release|x64
		Release|x86 = Release|x86
	EndGlobalSection
	GlobalSection(ProjectConfigurationPlatforms) = postSolution
		{8CDEF089-699E-43D6-AC5F-BD7C6E6E5C5D}.Debug|x64.ActiveCfg = Debug|x64
		{8CDEF089-699E-43D6-AC5F-BD7C6E6E5C5D}.Debug|x64.Build.0 = Debug|x64
		{8CDEF089-699E-43D6-AC5F-BD7C6E6E5C5D}.Debug|x86.ActiveCfg = Debug|Win32
		{8CDEF089-699E-43D6-AC5F-BD7C6E6E5C5D}.Debug|x86.Build.0 = Debug|Win32
		{8CDEF089-699E-43D6-AC5F-BD7C6E6E5C5D}.Release|x64.ActiveCfg = Release|x64
		{8CDEF089-699E-43D6-AC5F-BD7C6E6E5C5D}.Release|x64.Build.0 = Release|x64
		{8CDEF089-699E-43D6-AC5F-BD7C6E6E5C5D}.Release|x86.ActiveCfg = Release|Win32
		{8CDEF089-699E-43D6-AC5F-BD7C6E6E5C5D}.Release|x86.Build.0 = Release|Win32
		{4F3B66CF-1BB0-4F3D-9501-35223F66A056}.Debug|x64.ActiveCfg = Debug|x64
		{4F3B66CF-1BB0-4F3D-9501-35223F66A056}.Debug|x64.Build.0 = Debug|x64
		{4F3B66CF-1BB0-4F3D-9501-35223F66A056}.Debug|x86.ActiveCfg = Debug|Win32
		{4F3B66CF-1BB0-4F3D-9501-35223F66A056}.Debug|x86.Build.0 = Debug|Win32
		{4F3B66CF-1BB0-4F3D-9501-35223F66A056}.Release|x64.ActiveCfg = Release|x64
		{4F3B66CF-1BB0-4F3D-9501-35223F66A056}.Release|x64.Build.0 = Release|x64
		{4F3B66CF-1BB0-4F3D-9501-35223F66A056}.Release|x86.ActiveCfg = Release|Win32
		{4F3B66CF-1BB0-4F3D-9501-35223F66A056}.Release|x86.Build.0 = Release|Win32
	EndGlobalSection
	GlobalSection(SolutionProperties) = preSolution
		HideSolutionNode = FALSE
	EndGlobalSection
	GlobalSection(ExtensibilityGlobals) = postSolution
		SolutionGuid = {37392CBB-37FA-4320-A80C-29A9F5874984}
	EndGlobalSection
EndGlobal
